
Microsoft Visual Studio Solution File, Format Version 12.00
# Visual Studio Version 17
VisualStudioVersion = 17.5.33209.295
MinimumVisualStudioVersion = 10.0.40219.1
Project("{FAE04EC0-301F-11D3-BF4B-00C04F79EFBC}") = "Smarttributes", "Smarttributes\Smarttributes.csproj", "{FF02284F-B1A3-4B71-99AB-F1E6B396EE93}"
EndProject
Project("{FAE04EC0-301F-11D3-BF4B-00C04F79EFBC}") = "Smarttributes.Package", "Smarttributes.Package\Smarttributes.Package.csproj", "{6EB9EFE2-B448-43BA-BA95-BCC8BB175FF9}"
EndProject
Project("{FAE04EC0-301F-11D3-BF4B-00C04F79EFBC}") = "Smarttributes.Core", "Smarttributes.Core\Smarttributes.Core.csproj", "{47DC844A-3443-486F-8A3F-BBA0207E69F8}"
EndProject
Project("{FAE04EC0-301F-11D3-BF4B-00C04F79EFBC}") = "Smarttributes.AnalyzerTests", "Smarttributes.AnalyzerTests\Smarttributes.AnalyzerTests.csproj", "{439163CB-6BCE-48AE-AD9A-8AF6F80BE34C}"
EndProject
Global
	GlobalSection(SolutionConfigurationPlatforms) = preSolution
		Debug|Any CPU = Debug|Any CPU
		Release|Any CPU = Release|Any CPU
	EndGlobalSection
	GlobalSection(ProjectConfigurationPlatforms) = postSolution
		{FF02284F-B1A3-4B71-99AB-F1E6B396EE93}.Debug|Any CPU.ActiveCfg = Debug|Any CPU
		{FF02284F-B1A3-4B71-99AB-F1E6B396EE93}.Debug|Any CPU.Build.0 = Debug|Any CPU
		{FF02284F-B1A3-4B71-99AB-F1E6B396EE93}.Release|Any CPU.ActiveCfg = Release|Any CPU
		{FF02284F-B1A3-4B71-99AB-F1E6B396EE93}.Release|Any CPU.Build.0 = Release|Any CPU
		{6EB9EFE2-B448-43BA-BA95-BCC8BB175FF9}.Debug|Any CPU.ActiveCfg = Debug|Any CPU
		{6EB9EFE2-B448-43BA-BA95-BCC8BB175FF9}.Debug|Any CPU.Build.0 = Debug|Any CPU
		{6EB9EFE2-B448-43BA-BA95-BCC8BB175FF9}.Release|Any CPU.ActiveCfg = Release|Any CPU
		{6EB9EFE2-B448-43BA-BA95-BCC8BB175FF9}.Release|Any CPU.Build.0 = Release|Any CPU
		{47DC844A-3443-486F-8A3F-BBA0207E69F8}.Debug|Any CPU.ActiveCfg = Debug|Any CPU
		{47DC844A-3443-486F-8A3F-BBA0207E69F8}.Debug|Any CPU.Build.0 = Debug|Any CPU
		{47DC844A-3443-486F-8A3F-BBA0207E69F8}.Release|Any CPU.ActiveCfg = Release|Any CPU
		{47DC844A-3443-486F-8A3F-BBA0207E69F8}.Release|Any CPU.Build.0 = Release|Any CPU
		{439163CB-6BCE-48AE-AD9A-8AF6F80BE34C}.Debug|Any CPU.ActiveCfg = Debug|Any CPU
		{439163CB-6BCE-48AE-AD9A-8AF6F80BE34C}.Debug|Any CPU.Build.0 = Debug|Any CPU
		{439163CB-6BCE-48AE-AD9A-8AF6F80BE34C}.Release|Any CPU.ActiveCfg = Release|Any CPU
		{439163CB-6BCE-48AE-AD9A-8AF6F80BE34C}.Release|Any CPU.Build.0 = Release|Any CPU
	EndGlobalSection
	GlobalSection(SolutionProperties) = preSolution
		HideSolutionNode = FALSE
	EndGlobalSection
	GlobalSection(ExtensibilityGlobals) = postSolution
		SolutionGuid = {2CDD246A-801B-41C2-A3F2-E3EA974E74FC}
	EndGlobalSection
EndGlobal
